# This file was autogenerated by Stack.
# You should not edit this file by hand.
# For more information, please see the documentation at:
#   https://docs.haskellstack.org/en/stable/lock_files

packages:
- completed:
    hackage: grids-0.5.0.1@sha256:1230e0e2249ce74ad092329410b1a87c5bcbeb88aa148f0131bdc43385ba3362,3081
    pantry-tree:
      size: 1418
      sha256: 09e4861f855e39b09ca76648e7dd0011ae0eeff78a40eb4772e11c05e1a24e16
  original:
    hackage: grids-0.5.0.1@sha256:1230e0e2249ce74ad092329410b1a87c5bcbeb88aa148f0131bdc43385ba3362,3081
snapshots:
- completed:
    size: 523448
    url: https://raw.githubusercontent.com/commercialhaskell/stackage-snapshots/master/lts/14/1.yaml
    sha256: 0045b9bae36c3bb2dd374c29b586389845af1557eea0423958d152fc500d4fbf
  original: lts-14.1
