# This file was autogenerated by Stack.
# You should not edit this file by hand.
# For more information, please see the documentation at:
#   https://docs.haskellstack.org/en/stable/lock_files

packages:
- completed:
    hackage: grids-0.5.0.1@sha256:1230e0e2249ce74ad092329410b1a87c5bcbeb88aa148f0131bdc43385ba3362,3081
    pantry-tree:
      size: 1418
      sha256: 09e4861f855e39b09ca76648e7dd0011ae0eeff78a40eb4772e11c05e1a24e16
  original:
    hackage: grids-0.5.0.1@sha256:1230e0e2249ce74ad092329410b1a87c5bcbeb88aa148f0131bdc43385ba3362,3081
- completed:
    hackage: lens-regex-pcre-1.1.0.0@sha256:a6053fefae59f6b53b4741e5a75c5fae350af80dbf62e8673b565e1c3f34f8b9,2209
    pantry-tree:
      size: 630
      sha256: 84a02d84433d92c5e2a9a7bfd662244be607b4004c7d4d6fd1ba53adbc655022
  original:
    hackage: lens-regex-pcre-1.1.0.0
- completed:
    hackage: pcre-light-0.4.1.0@sha256:4902ef06b037fd79448c7a63a65c1a4a1bf0bbc15ea7e67e71d52ec995e18460,1868
    pantry-tree:
      size: 467
      sha256: 5e5f8d948ba577d4d838895ccb3533c6ef9876ef60884dae8342a77934cc2ec2
  original:
    hackage: pcre-light-0.4.1.0@sha256:4902ef06b037fd79448c7a63a65c1a4a1bf0bbc15ea7e67e71d52ec995e18460,1868
- completed:
    hackage: lens-4.18@sha256:58c9736c65ab75aa1833098b0cac72d483aee9d953d2a83061ac8e0b555d0f96,15446
    pantry-tree:
      size: 8253
      sha256: 4873d933bf39b75191f8b0b61cf76c27e12742499314d56cc38a7051718bed21
  original:
    hackage: lens-4.18
- completed:
    hackage: type-equality-1@sha256:aeb9c44abf5d2edf52caff114a7da565d8328fa84bbe194828e4355ea85bf5b3,1457
    pantry-tree:
      size: 313
      sha256: 00d4fb756b387d6d7663ccdaae7b61234d4c9c6c5792427133f7686461fb844d
  original:
    hackage: type-equality-1@sha256:aeb9c44abf5d2edf52caff114a7da565d8328fa84bbe194828e4355ea85bf5b3,1457
snapshots:
- completed:
    size: 523448
    url: https://raw.githubusercontent.com/commercialhaskell/stackage-snapshots/master/lts/14/1.yaml
    sha256: 0045b9bae36c3bb2dd374c29b586389845af1557eea0423958d152fc500d4fbf
  original: lts-14.1
