# This file was autogenerated by Stack.
# You should not edit this file by hand.
# For more information, please see the documentation at:
#   https://docs.haskellstack.org/en/stable/lock_files

packages:
- completed:
    hackage: grids-0.5.0.1@sha256:1230e0e2249ce74ad092329410b1a87c5bcbeb88aa148f0131bdc43385ba3362,3081
    pantry-tree:
      size: 1418
      sha256: 09e4861f855e39b09ca76648e7dd0011ae0eeff78a40eb4772e11c05e1a24e16
  original:
    hackage: grids-0.5.0.1@sha256:1230e0e2249ce74ad092329410b1a87c5bcbeb88aa148f0131bdc43385ba3362,3081
- completed:
    hackage: lens-regex-pcre-1.1.0.0@sha256:a6053fefae59f6b53b4741e5a75c5fae350af80dbf62e8673b565e1c3f34f8b9,2209
    pantry-tree:
      size: 630
      sha256: 84a02d84433d92c5e2a9a7bfd662244be607b4004c7d4d6fd1ba53adbc655022
  original:
    hackage: lens-regex-pcre-1.1.0.0
- completed:
    hackage: pcre-light-0.4.1.0@sha256:4902ef06b037fd79448c7a63a65c1a4a1bf0bbc15ea7e67e71d52ec995e18460,1868
    pantry-tree:
      size: 467
      sha256: 5e5f8d948ba577d4d838895ccb3533c6ef9876ef60884dae8342a77934cc2ec2
  original:
    hackage: pcre-light-0.4.1.0@sha256:4902ef06b037fd79448c7a63a65c1a4a1bf0bbc15ea7e67e71d52ec995e18460,1868
- completed:
    hackage: lens-4.18@sha256:58c9736c65ab75aa1833098b0cac72d483aee9d953d2a83061ac8e0b555d0f96,15446
    pantry-tree:
      size: 8253
      sha256: 4873d933bf39b75191f8b0b61cf76c27e12742499314d56cc38a7051718bed21
  original:
    hackage: lens-4.18
- completed:
    hackage: type-equality-1@sha256:aeb9c44abf5d2edf52caff114a7da565d8328fa84bbe194828e4355ea85bf5b3,1457
    pantry-tree:
      size: 313
      sha256: 00d4fb756b387d6d7663ccdaae7b61234d4c9c6c5792427133f7686461fb844d
  original:
    hackage: type-equality-1@sha256:aeb9c44abf5d2edf52caff114a7da565d8328fa84bbe194828e4355ea85bf5b3,1457
- completed:
    hackage: these-lens-1@sha256:960f53c44201f5f67d0158162ce39cc7095b958d584d76a2aead358a54c137d3,1138
    pantry-tree:
      size: 222
      sha256: b81a5b7a4144dc1cad896e7ba5d3295400820576537dbc37a582fcf588d25a79
  original:
    hackage: these-lens-1@sha256:960f53c44201f5f67d0158162ce39cc7095b958d584d76a2aead358a54c137d3,1138
- completed:
    hackage: these-1.0.1@sha256:58dba2446b57dde711c5e7f63910d18bc28b9a5831a89772986bb184a3e7851b,3266
    pantry-tree:
      size: 351
      sha256: dd785882a522b6c76ee97fdd5e0e8cbca15b2fc951985bbecc76d0dd6e456aae
  original:
    hackage: these-1.0.1@sha256:58dba2446b57dde711c5e7f63910d18bc28b9a5831a89772986bb184a3e7851b,3266
- completed:
    hackage: barbies-2.0.2.0@sha256:fa6656b45c40f7d4ab1764d078c6878f37d37fab7f7135c061e9a5baa67943c0,4407
    pantry-tree:
      size: 4426
      sha256: 5aa3ff178fe56b21250543384e8482de13f35ef57a06943178382b0f2e3eca24
  original:
    hackage: barbies-2.0.2.0@sha256:fa6656b45c40f7d4ab1764d078c6878f37d37fab7f7135c061e9a5baa67943c0,4407
snapshots:
- completed:
    size: 532386
    url: https://raw.githubusercontent.com/commercialhaskell/stackage-snapshots/master/lts/16/17.yaml
    sha256: d3ee1ae797cf63189c95cf27f00700304946c5cb3c1e6a82001cd6584a221e1b
  original: lts-16.17
